
Microsoft Visual Studio Solution File, Format Version 12.00
# Visual Studio 15
Project("{FAE04EC0-301F-11D3-BF4B-00C04F79EFBC}") = "excel-to-xml-to-data", "excel-to-xml-to-data.csproj", "{4C38773E-1022-6A0E-29BF-29C2B436D4BC}"
EndProject
Project("{FAE04EC0-301F-11D3-BF4B-00C04F79EFBC}") = "excel-to-xml-to-data.Editor", "excel-to-xml-to-data.Editor.csproj", "{39E1DCE0-AF63-6111-4AA2-20D274D70B18}"
EndProject
Global
	GlobalSection(SolutionConfigurationPlatforms) = preSolution
		Debug|Any CPU = Debug|Any CPU
		Release|Any CPU = Release|Any CPU
	EndGlobalSection
	GlobalSection(ProjectConfigurationPlatforms) = postSolution
		{4C38773E-1022-6A0E-29BF-29C2B436D4BC}.Debug|Any CPU.ActiveCfg = Debug|Any CPU
		{4C38773E-1022-6A0E-29BF-29C2B436D4BC}.Debug|Any CPU.Build.0 = Debug|Any CPU
		{4C38773E-1022-6A0E-29BF-29C2B436D4BC}.Release|Any CPU.ActiveCfg = Release|Any CPU
		{4C38773E-1022-6A0E-29BF-29C2B436D4BC}.Release|Any CPU.Build.0 = Release|Any CPU
		{39E1DCE0-AF63-6111-4AA2-20D274D70B18}.Debug|Any CPU.ActiveCfg = Debug|Any CPU
		{39E1DCE0-AF63-6111-4AA2-20D274D70B18}.Debug|Any CPU.Build.0 = Debug|Any CPU
		{39E1DCE0-AF63-6111-4AA2-20D274D70B18}.Release|Any CPU.ActiveCfg = Release|Any CPU
		{39E1DCE0-AF63-6111-4AA2-20D274D70B18}.Release|Any CPU.Build.0 = Release|Any CPU
	EndGlobalSection
	GlobalSection(SolutionProperties) = preSolution
		HideSolutionNode = FALSE
	EndGlobalSection
EndGlobal
